
Microsoft Visual Studio Solution File, Format Version 12.00
# Visual Studio 2013
VisualStudioVersion = 12.0.30501.0
MinimumVisualStudioVersion = 10.0.40219.1
Project("{2150E333-8FDC-42A3-9474-1A3956D46DE8}") = "SharedApp", "SharedApp", "{A0E25270-5AED-4C44-8E4E-85FDEBBF6049}"
EndProject
Project("{262852C6-CD72-467D-83FE-5EEB1973A190}") = "BlankSharedApp2.Windows", "BlankSharedApp2\BlankSharedApp2.Windows\BlankSharedApp2.Windows.jsproj", "{5629033D-E5DB-4E39-9C07-675364C3775B}"
EndProject
Project("{262852C6-CD72-467D-83FE-5EEB1973A190}") = "BlankSharedApp2.WindowsPhone", "BlankSharedApp2\BlankSharedApp2.WindowsPhone\BlankSharedApp2.WindowsPhone.jsproj", "{3C981F37-90A0-4E02-AB70-7E9B8CF6C0CC}"
EndProject
Global
	GlobalSection(SolutionConfigurationPlatforms) = preSolution
		Debug|Any CPU = Debug|Any CPU
		Debug|ARM = Debug|ARM
		Debug|x64 = Debug|x64
		Debug|x86 = Debug|x86
		Release|Any CPU = Release|Any CPU
		Release|ARM = Release|ARM
		Release|x64 = Release|x64
		Release|x86 = Release|x86
	EndGlobalSection
	GlobalSection(ProjectConfigurationPlatforms) = postSolution
		{5629033D-E5DB-4E39-9C07-675364C3775B}.Debug|Any CPU.ActiveCfg = Debug|Any CPU
		{5629033D-E5DB-4E39-9C07-675364C3775B}.Debug|Any CPU.Build.0 = Debug|Any CPU
		{5629033D-E5DB-4E39-9C07-675364C3775B}.Debug|Any CPU.Deploy.0 = Debug|Any CPU
		{5629033D-E5DB-4E39-9C07-675364C3775B}.Debug|ARM.ActiveCfg = Debug|ARM
		{5629033D-E5DB-4E39-9C07-675364C3775B}.Debug|ARM.Build.0 = Debug|ARM
		{5629033D-E5DB-4E39-9C07-675364C3775B}.Debug|ARM.Deploy.0 = Debug|ARM
		{5629033D-E5DB-4E39-9C07-675364C3775B}.Debug|x64.ActiveCfg = Debug|x64
		{5629033D-E5DB-4E39-9C07-675364C3775B}.Debug|x64.Build.0 = Debug|x64
		{5629033D-E5DB-4E39-9C07-675364C3775B}.Debug|x64.Deploy.0 = Debug|x64
		{5629033D-E5DB-4E39-9C07-675364C3775B}.Debug|x86.ActiveCfg = Debug|x86
		{5629033D-E5DB-4E39-9C07-675364C3775B}.Debug|x86.Build.0 = Debug|x86
		{5629033D-E5DB-4E39-9C07-675364C3775B}.Debug|x86.Deploy.0 = Debug|x86
		{5629033D-E5DB-4E39-9C07-675364C3775B}.Release|Any CPU.ActiveCfg = Release|Any CPU
		{5629033D-E5DB-4E39-9C07-675364C3775B}.Release|Any CPU.Build.0 = Release|Any CPU
		{5629033D-E5DB-4E39-9C07-675364C3775B}.Release|Any CPU.Deploy.0 = Release|Any CPU
		{5629033D-E5DB-4E39-9C07-675364C3775B}.Release|ARM.ActiveCfg = Release|ARM
		{5629033D-E5DB-4E39-9C07-675364C3775B}.Release|ARM.Build.0 = Release|ARM
		{5629033D-E5DB-4E39-9C07-675364C3775B}.Release|ARM.Deploy.0 = Release|ARM
		{5629033D-E5DB-4E39-9C07-675364C3775B}.Release|x64.ActiveCfg = Release|x64
		{5629033D-E5DB-4E39-9C07-675364C3775B}.Release|x64.Build.0 = Release|x64
		{5629033D-E5DB-4E39-9C07-675364C3775B}.Release|x64.Deploy.0 = Release|x64
		{5629033D-E5DB-4E39-9C07-675364C3775B}.Release|x86.ActiveCfg = Release|x86
		{5629033D-E5DB-4E39-9C07-675364C3775B}.Release|x86.Build.0 = Release|x86
		{5629033D-E5DB-4E39-9C07-675364C3775B}.Release|x86.Deploy.0 = Release|x86
		{3C981F37-90A0-4E02-AB70-7E9B8CF6C0CC}.Debug|Any CPU.ActiveCfg = Debug|Any CPU
		{3C981F37-90A0-4E02-AB70-7E9B8CF6C0CC}.Debug|Any CPU.Build.0 = Debug|Any CPU
		{3C981F37-90A0-4E02-AB70-7E9B8CF6C0CC}.Debug|Any CPU.Deploy.0 = Debug|Any CPU
		{3C981F37-90A0-4E02-AB70-7E9B8CF6C0CC}.Debug|ARM.ActiveCfg = Debug|ARM
		{3C981F37-90A0-4E02-AB70-7E9B8CF6C0CC}.Debug|ARM.Build.0 = Debug|ARM
		{3C981F37-90A0-4E02-AB70-7E9B8CF6C0CC}.Debug|ARM.Deploy.0 = Debug|ARM
		{3C981F37-90A0-4E02-AB70-7E9B8CF6C0CC}.Debug|x64.ActiveCfg = Debug|Any CPU
		{3C981F37-90A0-4E02-AB70-7E9B8CF6C0CC}.Debug|x86.ActiveCfg = Debug|x86
		{3C981F37-90A0-4E02-AB70-7E9B8CF6C0CC}.Debug|x86.Build.0 = Debug|x86
		{3C981F37-90A0-4E02-AB70-7E9B8CF6C0CC}.Debug|x86.Deploy.0 = Debug|x86
		{3C981F37-90A0-4E02-AB70-7E9B8CF6C0CC}.Release|Any CPU.ActiveCfg = Release|Any CPU
		{3C981F37-90A0-4E02-AB70-7E9B8CF6C0CC}.Release|Any CPU.Build.0 = Release|Any CPU
		{3C981F37-90A0-4E02-AB70-7E9B8CF6C0CC}.Release|Any CPU.Deploy.0 = Release|Any CPU
		{3C981F37-90A0-4E02-AB70-7E9B8CF6C0CC}.Release|ARM.ActiveCfg = Release|ARM
		{3C981F37-90A0-4E02-AB70-7E9B8CF6C0CC}.Release|ARM.Build.0 = Release|ARM
		{3C981F37-90A0-4E02-AB70-7E9B8CF6C0CC}.Release|ARM.Deploy.0 = Release|ARM
		{3C981F37-90A0-4E02-AB70-7E9B8CF6C0CC}.Release|x64.ActiveCfg = Release|Any CPU
		{3C981F37-90A0-4E02-AB70-7E9B8CF6C0CC}.Release|x86.ActiveCfg = Release|x86
		{3C981F37-90A0-4E02-AB70-7E9B8CF6C0CC}.Release|x86.Build.0 = Release|x86
		{3C981F37-90A0-4E02-AB70-7E9B8CF6C0CC}.Release|x86.Deploy.0 = Release|x86
	EndGlobalSection
	GlobalSection(SolutionProperties) = preSolution
		HideSolutionNode = FALSE
	EndGlobalSection
	GlobalSection(NestedProjects) = preSolution
		{5629033D-E5DB-4E39-9C07-675364C3775B} = {A0E25270-5AED-4C44-8E4E-85FDEBBF6049}
		{3C981F37-90A0-4E02-AB70-7E9B8CF6C0CC} = {A0E25270-5AED-4C44-8E4E-85FDEBBF6049}
	EndGlobalSection
EndGlobal
